
Microsoft Visual Studio Solution File, Format Version 12.00
# Visual Studio Version 16
VisualStudioVersion = 16.0.30621.155
MinimumVisualStudioVersion = 10.0.40219.1
Project("{8BC9CEB8-8B4A-11D0-8D11-00A0C91BC942}") = "Exercise_06_Count_Longer", "Exercise_06_Count_Longer\Exercise_06_Count_Longer.vcxproj", "{4BCB6124-6C15-4723-AE1B-4E774B8C371A}"
EndProject
Global
	GlobalSection(SolutionConfigurationPlatforms) = preSolution
		Debug|x64 = Debug|x64
		Debug|x86 = Debug|x86
		Release|x64 = Release|x64
		Release|x86 = Release|x86
	EndGlobalSection
	GlobalSection(ProjectConfigurationPlatforms) = postSolution
		{4BCB6124-6C15-4723-AE1B-4E774B8C371A}.Debug|x64.ActiveCfg = Debug|x64
		{4BCB6124-6C15-4723-AE1B-4E774B8C371A}.Debug|x64.Build.0 = Debug|x64
		{4BCB6124-6C15-4723-AE1B-4E774B8C371A}.Debug|x86.ActiveCfg = Debug|Win32
		{4BCB6124-6C15-4723-AE1B-4E774B8C371A}.Debug|x86.Build.0 = Debug|Win32
		{4BCB6124-6C15-4723-AE1B-4E774B8C371A}.Release|x64.ActiveCfg = Release|x64
		{4BCB6124-6C15-4723-AE1B-4E774B8C371A}.Release|x64.Build.0 = Release|x64
		{4BCB6124-6C15-4723-AE1B-4E774B8C371A}.Release|x86.ActiveCfg = Release|Win32
		{4BCB6124-6C15-4723-AE1B-4E774B8C371A}.Release|x86.Build.0 = Release|Win32
	EndGlobalSection
	GlobalSection(SolutionProperties) = preSolution
		HideSolutionNode = FALSE
	EndGlobalSection
	GlobalSection(ExtensibilityGlobals) = postSolution
		SolutionGuid = {B08E258C-9656-4579-A6E3-5844EFBCD30C}
	EndGlobalSection
EndGlobal
