
Microsoft Visual Studio Solution File, Format Version 12.00
# Visual Studio Version 16
VisualStudioVersion = 16.0.30611.23
MinimumVisualStudioVersion = 10.0.40219.1
Project("{8BC9CEB8-8B4A-11D0-8D11-00A0C91BC942}") = "Exercise_06_Function_return_longest_word", "Exercise_06_Function_return_longest_word\Exercise_06_Function_return_longest_word.vcxproj", "{F5286276-D645-43C6-8119-B5E19700343C}"
EndProject
Global
	GlobalSection(SolutionConfigurationPlatforms) = preSolution
		Debug|x64 = Debug|x64
		Debug|x86 = Debug|x86
		Release|x64 = Release|x64
		Release|x86 = Release|x86
	EndGlobalSection
	GlobalSection(ProjectConfigurationPlatforms) = postSolution
		{F5286276-D645-43C6-8119-B5E19700343C}.Debug|x64.ActiveCfg = Debug|x64
		{F5286276-D645-43C6-8119-B5E19700343C}.Debug|x64.Build.0 = Debug|x64
		{F5286276-D645-43C6-8119-B5E19700343C}.Debug|x86.ActiveCfg = Debug|Win32
		{F5286276-D645-43C6-8119-B5E19700343C}.Debug|x86.Build.0 = Debug|Win32
		{F5286276-D645-43C6-8119-B5E19700343C}.Release|x64.ActiveCfg = Release|x64
		{F5286276-D645-43C6-8119-B5E19700343C}.Release|x64.Build.0 = Release|x64
		{F5286276-D645-43C6-8119-B5E19700343C}.Release|x86.ActiveCfg = Release|Win32
		{F5286276-D645-43C6-8119-B5E19700343C}.Release|x86.Build.0 = Release|Win32
	EndGlobalSection
	GlobalSection(SolutionProperties) = preSolution
		HideSolutionNode = FALSE
	EndGlobalSection
	GlobalSection(ExtensibilityGlobals) = postSolution
		SolutionGuid = {29C0A72C-CB42-4465-9806-25797B32FCF1}
	EndGlobalSection
EndGlobal
